{
  "name": "mbr-mysql",
  "version": "1.0.5",
  "lockfileVersion": 1,
  "requires": true,
  "dependencies": {
    "mbr-buffer": {
      "version": "1.4.0",
      "resolved": "https://registry.npmjs.org/mbr-buffer/-/mbr-buffer-1.4.0.tgz",
      "integrity": "sha512-qX1jtBOhaXCzNXTWCb3Hz3NcIxRCfnhbfGB3etvv7kNEXgazETbexotoWtYlNyVTRIBmPJ5Anp9pDDJseGOBFg=="
    },
    "mbr-queue": {
      "version": "1.0.2",
      "resolved": "https://registry.npmjs.org/mbr-queue/-/mbr-queue-1.0.2.tgz",
      "integrity": "sha512-7xESLi561Is38zLSTj3rqAmcAQE1U+aknpCIo4aU6f2BqB98sPctoswkAxxGuIrYxOeptvLkuc3Z5Kr1yy68XA=="
    }
  }
}
