{
  "name": "mbr-mysql",
  "version": "1.0.6",
  "lockfileVersion": 1,
  "requires": true,
  "dependencies": {
    "mbr-buffer": {
      "version": "1.4.1",
      "resolved": "https://registry.npmjs.org/mbr-buffer/-/mbr-buffer-1.4.1.tgz",
      "integrity": "sha512-wJxz2N4YiBkoI+jhu/ShayS8C+mp39WDnmr/L/wH96Y4RL20+XvX08xZ5h6rU7GJD1m/fF/HjQ2J70r7yhGdCA=="
    },
    "mbr-queue": {
      "version": "1.0.2",
      "resolved": "https://registry.npmjs.org/mbr-queue/-/mbr-queue-1.0.2.tgz",
      "integrity": "sha512-7xESLi561Is38zLSTj3rqAmcAQE1U+aknpCIo4aU6f2BqB98sPctoswkAxxGuIrYxOeptvLkuc3Z5Kr1yy68XA=="
    }
  }
}
